dependencies:
- name: grafana
  repository: oci://ghcr.io/grafana-community/helm-charts
  version: 12.4.1
- name: postgresql
  repository: oci://registry-1.docker.io/bitnamicharts
  version: 18.7.0
- name: prometheus
  repository: oci://ghcr.io/prometheus-community/charts
  version: 29.9.0
- name: tempo
  repository: oci://ghcr.io/grafana-community/helm-charts
  version: 2.2.0
digest: sha256:6adcfd3d299c871c6274b0c7841ef6956c66c25cbf821ec565e63aeef9854b47
generated: "2026-06-08T09:22:14.348460976Z"
