dependencies:
- name: grafana
  repository: oci://ghcr.io/grafana-community/helm-charts
  version: 12.7.1
- name: postgresql
  repository: oci://registry-1.docker.io/bitnamicharts
  version: 18.7.13
- name: prometheus
  repository: oci://ghcr.io/prometheus-community/charts
  version: 29.13.0
- name: tempo
  repository: oci://ghcr.io/grafana-community/helm-charts
  version: 2.2.3
digest: sha256:9ebb0d57a21a4ef0201e5f0d28693c70437b4993107b0c64ed717cc06664e99b
generated: "2026-07-13T09:20:35.164052855Z"
