dependencies:
- name: grafana
  repository: oci://ghcr.io/grafana-community/helm-charts
  version: 12.4.1
- name: postgresql
  repository: oci://registry-1.docker.io/bitnamicharts
  version: 18.7.0
- name: prometheus
  repository: oci://ghcr.io/prometheus-community/charts
  version: 29.8.0
- name: tempo
  repository: oci://ghcr.io/grafana-community/helm-charts
  version: 2.1.2
digest: sha256:d3f1b1e859f7849f272cdd7cdfb6049f9ddb0b5401004b9f6a9e605ce2f1c42d
generated: "2026-06-02T09:24:47.645423961Z"
